{
  "object": {
    "pins": [
      {
        "package": "SkeletonView",
        "repositoryURL": "https://github.com/Juanpe/SkeletonView.git",
        "state": {
          "branch": null,
          "revision": "6f78f5c378f1b973bd6d0301e28b92ec03c27f73",
          "version": "1.17.2"
        }
      }
    ]
  },
  "version": 1
}
